
Microsoft Visual Studio Solution File, Format Version 12.00
# Visual Studio Version 17
VisualStudioVersion = 17.5.33424.131
MinimumVisualStudioVersion = 10.0.40219.1
Project("{9A19103F-16F7-4668-BE54-9A1E7A4F7556}") = "HM4_M6", "HW4_m6\HM4_M6.csproj", "{A3193FF9-2665-43AD-859F-BDD200F9A831}"
EndProject
Project("{9A19103F-16F7-4668-BE54-9A1E7A4F7556}") = "TestProject1", "TestProject1\TestProject1.csproj", "{67643F26-B210-4A1B-B6BB-3ECA2AEDB8B0}"
EndProject
Global
	GlobalSection(SolutionConfigurationPlatforms) = preSolution
		Debug|Any CPU = Debug|Any CPU
		Release|Any CPU = Release|Any CPU
	EndGlobalSection
	GlobalSection(ProjectConfigurationPlatforms) = postSolution
		{A3193FF9-2665-43AD-859F-BDD200F9A831}.Debug|Any CPU.ActiveCfg = Debug|Any CPU
		{A3193FF9-2665-43AD-859F-BDD200F9A831}.Debug|Any CPU.Build.0 = Debug|Any CPU
		{A3193FF9-2665-43AD-859F-BDD200F9A831}.Release|Any CPU.ActiveCfg = Release|Any CPU
		{A3193FF9-2665-43AD-859F-BDD200F9A831}.Release|Any CPU.Build.0 = Release|Any CPU
		{67643F26-B210-4A1B-B6BB-3ECA2AEDB8B0}.Debug|Any CPU.ActiveCfg = Debug|Any CPU
		{67643F26-B210-4A1B-B6BB-3ECA2AEDB8B0}.Debug|Any CPU.Build.0 = Debug|Any CPU
		{67643F26-B210-4A1B-B6BB-3ECA2AEDB8B0}.Release|Any CPU.ActiveCfg = Release|Any CPU
		{67643F26-B210-4A1B-B6BB-3ECA2AEDB8B0}.Release|Any CPU.Build.0 = Release|Any CPU
	EndGlobalSection
	GlobalSection(SolutionProperties) = preSolution
		HideSolutionNode = FALSE
	EndGlobalSection
	GlobalSection(ExtensibilityGlobals) = postSolution
		SolutionGuid = {1D31513A-3827-4BA3-86CF-F8AD826F7502}
	EndGlobalSection
EndGlobal
